
Microsoft Visual Studio Solution File, Format Version 12.00
# Visual Studio 15
VisualStudioVersion = 15.0.28307.168
MinimumVisualStudioVersion = 10.0.40219.1
Project("{9A19103F-16F7-4668-BE54-9A1E7A4F7556}") = "Logging", "Logging\Logging.csproj", "{06B83201-A9D5-4A53-8F5E-082603DD4224}"
EndProject
Project("{2150E333-8FDC-42A3-9474-1A3956D46DE8}") = "Solution Items", "Solution Items", "{5E4D9A3B-BDCB-422C-B63D-5003CAA34800}"
	ProjectSection(SolutionItems) = preProject
		.gitignore = .gitignore
		CreateDatabase.sql = CreateDatabase.sql
		LICENSE = LICENSE
		Logging.sln.DotSettings = Logging.sln.DotSettings
		README.md = README.md
	EndProjectSection
EndProject
Project("{9A19103F-16F7-4668-BE54-9A1E7A4F7556}") = "Tests", "Tests\Tests.csproj", "{42C05C7D-5E4E-4784-94CD-9D14F6A89425}"
EndProject
Global
	GlobalSection(SolutionConfigurationPlatforms) = preSolution
		Debug|Any CPU = Debug|Any CPU
		Release|Any CPU = Release|Any CPU
	EndGlobalSection
	GlobalSection(ProjectConfigurationPlatforms) = postSolution
		{06B83201-A9D5-4A53-8F5E-082603DD4224}.Debug|Any CPU.ActiveCfg = Debug|Any CPU
		{06B83201-A9D5-4A53-8F5E-082603DD4224}.Debug|Any CPU.Build.0 = Debug|Any CPU
		{06B83201-A9D5-4A53-8F5E-082603DD4224}.Release|Any CPU.ActiveCfg = Release|Any CPU
		{06B83201-A9D5-4A53-8F5E-082603DD4224}.Release|Any CPU.Build.0 = Release|Any CPU
		{42C05C7D-5E4E-4784-94CD-9D14F6A89425}.Debug|Any CPU.ActiveCfg = Debug|Any CPU
		{42C05C7D-5E4E-4784-94CD-9D14F6A89425}.Debug|Any CPU.Build.0 = Debug|Any CPU
		{42C05C7D-5E4E-4784-94CD-9D14F6A89425}.Release|Any CPU.ActiveCfg = Release|Any CPU
		{42C05C7D-5E4E-4784-94CD-9D14F6A89425}.Release|Any CPU.Build.0 = Release|Any CPU
	EndGlobalSection
	GlobalSection(SolutionProperties) = preSolution
		HideSolutionNode = FALSE
	EndGlobalSection
	GlobalSection(ExtensibilityGlobals) = postSolution
		SolutionGuid = {473AB229-1145-41DE-939C-E4A13318CBAC}
	EndGlobalSection
EndGlobal
